
Microsoft Visual Studio Solution File, Format Version 12.00
# Visual Studio Version 17
VisualStudioVersion = 17.3.32825.248
MinimumVisualStudioVersion = 10.0.40219.1
Project("{9A19103F-16F7-4668-BE54-9A1E7A4F7556}") = "TestConfiguration", "TestConfiguration\TestConfiguration.csproj", "{B578DCF2-8945-4DF7-83BD-8A8F691B3A20}"
EndProject
Project("{2150E333-8FDC-42A3-9474-1A3956D46DE8}") = "Solution Items", "Solution Items", "{21B7BD73-3F01-4F42-B602-E90C3EABA3A0}"
	ProjectSection(SolutionItems) = preProject
		testsettings.json = testsettings.json
	EndProjectSection
EndProject
Project("{9A19103F-16F7-4668-BE54-9A1E7A4F7556}") = "UIFramework", "UIFramework\UIFramework.csproj", "{AD4D52FA-5070-4444-A9AC-D6000032D794}"
EndProject
Project("{9A19103F-16F7-4668-BE54-9A1E7A4F7556}") = "UITests", "UITests\UITests.csproj", "{11BD1925-9C69-4C1C-9693-2B81A9825629}"
EndProject
Project("{FAE04EC0-301F-11D3-BF4B-00C04F79EFBC}") = "ServiceFramework", "ServiceFramework\ServiceFramework.csproj", "{38717A40-63B1-49A0-81FA-8D4B404DD4DB}"
EndProject
Project("{FAE04EC0-301F-11D3-BF4B-00C04F79EFBC}") = "ServiceTests", "ServiceTests\ServiceTests.csproj", "{726BA022-CEAE-4598-A1D9-66EA7ED78516}"
EndProject
Global
	GlobalSection(SolutionConfigurationPlatforms) = preSolution
		Debug|Any CPU = Debug|Any CPU
		Release|Any CPU = Release|Any CPU
	EndGlobalSection
	GlobalSection(ProjectConfigurationPlatforms) = postSolution
		{B578DCF2-8945-4DF7-83BD-8A8F691B3A20}.Debug|Any CPU.ActiveCfg = Debug|Any CPU
		{B578DCF2-8945-4DF7-83BD-8A8F691B3A20}.Debug|Any CPU.Build.0 = Debug|Any CPU
		{B578DCF2-8945-4DF7-83BD-8A8F691B3A20}.Release|Any CPU.ActiveCfg = Release|Any CPU
		{B578DCF2-8945-4DF7-83BD-8A8F691B3A20}.Release|Any CPU.Build.0 = Release|Any CPU
		{AD4D52FA-5070-4444-A9AC-D6000032D794}.Debug|Any CPU.ActiveCfg = Debug|Any CPU
		{AD4D52FA-5070-4444-A9AC-D6000032D794}.Debug|Any CPU.Build.0 = Debug|Any CPU
		{AD4D52FA-5070-4444-A9AC-D6000032D794}.Release|Any CPU.ActiveCfg = Release|Any CPU
		{AD4D52FA-5070-4444-A9AC-D6000032D794}.Release|Any CPU.Build.0 = Release|Any CPU
		{11BD1925-9C69-4C1C-9693-2B81A9825629}.Debug|Any CPU.ActiveCfg = Debug|Any CPU
		{11BD1925-9C69-4C1C-9693-2B81A9825629}.Debug|Any CPU.Build.0 = Debug|Any CPU
		{11BD1925-9C69-4C1C-9693-2B81A9825629}.Release|Any CPU.ActiveCfg = Release|Any CPU
		{11BD1925-9C69-4C1C-9693-2B81A9825629}.Release|Any CPU.Build.0 = Release|Any CPU
		{38717A40-63B1-49A0-81FA-8D4B404DD4DB}.Debug|Any CPU.ActiveCfg = Debug|Any CPU
		{38717A40-63B1-49A0-81FA-8D4B404DD4DB}.Debug|Any CPU.Build.0 = Debug|Any CPU
		{38717A40-63B1-49A0-81FA-8D4B404DD4DB}.Release|Any CPU.ActiveCfg = Release|Any CPU
		{38717A40-63B1-49A0-81FA-8D4B404DD4DB}.Release|Any CPU.Build.0 = Release|Any CPU
		{726BA022-CEAE-4598-A1D9-66EA7ED78516}.Debug|Any CPU.ActiveCfg = Debug|Any CPU
		{726BA022-CEAE-4598-A1D9-66EA7ED78516}.Debug|Any CPU.Build.0 = Debug|Any CPU
		{726BA022-CEAE-4598-A1D9-66EA7ED78516}.Release|Any CPU.ActiveCfg = Release|Any CPU
		{726BA022-CEAE-4598-A1D9-66EA7ED78516}.Release|Any CPU.Build.0 = Release|Any CPU
	EndGlobalSection
	GlobalSection(SolutionProperties) = preSolution
		HideSolutionNode = FALSE
	EndGlobalSection
	GlobalSection(ExtensibilityGlobals) = postSolution
		SolutionGuid = {5236B9BD-969D-4A0C-B792-0B072C2532F3}
	EndGlobalSection
EndGlobal
